
Microsoft Visual Studio Solution File, Format Version 12.00
# Visual Studio Version 16
VisualStudioVersion = 16.0.31410.357
MinimumVisualStudioVersion = 10.0.40219.1
Project("{FAE04EC0-301F-11D3-BF4B-00C04F79EFBC}") = "MyWindowsFormsApp1", "MyWindowsFormsApp1\MyWindowsFormsApp1.csproj", "{009CCB7E-4EE6-4CE6-96D8-BB3397F2070F}"
EndProject
Global
	GlobalSection(SolutionConfigurationPlatforms) = preSolution
		Debug|Any CPU = Debug|Any CPU
		Release|Any CPU = Release|Any CPU
	EndGlobalSection
	GlobalSection(ProjectConfigurationPlatforms) = postSolution
		{009CCB7E-4EE6-4CE6-96D8-BB3397F2070F}.Debug|Any CPU.ActiveCfg = Debug|Any CPU
		{009CCB7E-4EE6-4CE6-96D8-BB3397F2070F}.Debug|Any CPU.Build.0 = Debug|Any CPU
		{009CCB7E-4EE6-4CE6-96D8-BB3397F2070F}.Release|Any CPU.ActiveCfg = Release|Any CPU
		{009CCB7E-4EE6-4CE6-96D8-BB3397F2070F}.Release|Any CPU.Build.0 = Release|Any CPU
	EndGlobalSection
	GlobalSection(SolutionProperties) = preSolution
		HideSolutionNode = FALSE
	EndGlobalSection
	GlobalSection(ExtensibilityGlobals) = postSolution
		SolutionGuid = {95E56804-F456-4A90-8642-05BE0A24C541}
	EndGlobalSection
EndGlobal
